
Microsoft Visual Studio Solution File, Format Version 12.00
# Visual Studio Version 17
VisualStudioVersion = 17.10.35122.118
MinimumVisualStudioVersion = 10.0.40219.1
Project("{2150E333-8FDC-42A3-9474-1A3956D46DE8}") = "src", "src", "{A45D05CE-2904-4215-BC48-42A8687BB635}"
EndProject
Project("{2150E333-8FDC-42A3-9474-1A3956D46DE8}") = "Solution Items", "Solution Items", "{A2FB9497-2891-43C1-B7EE-8F9F06EC0BAE}"
	ProjectSection(SolutionItems) = preProject
		ServiceUrls.txt = ServiceUrls.txt
	EndProjectSection
EndProject
Project("{2150E333-8FDC-42A3-9474-1A3956D46DE8}") = "ApiGateways", "ApiGateways", "{D34A3A9C-2AFD-48F4-8FC8-800E4819D2F1}"
EndProject
Project("{2150E333-8FDC-42A3-9474-1A3956D46DE8}") = "BuildingBlocks", "BuildingBlocks", "{7663EA70-C1E9-48EA-8567-8C158B72786C}"
EndProject
Project("{2150E333-8FDC-42A3-9474-1A3956D46DE8}") = "Services", "Services", "{1F52CFA4-B686-450D-B35A-45BA256EF678}"
EndProject
Project("{2150E333-8FDC-42A3-9474-1A3956D46DE8}") = "Clients", "Clients", "{BB7C7E32-9437-4A11-96B7-E8CCDAA7F79C}"
EndProject
Project("{2150E333-8FDC-42A3-9474-1A3956D46DE8}") = "WebApiGateway", "WebApiGateway", "{AD1A55F4-C65E-4630-937F-916B569936E0}"
EndProject
Project("{9A19103F-16F7-4668-BE54-9A1E7A4F7556}") = "Web.ApiGateway", "src\ApiGateways\WebApiGateway\Web.ApiGateway\Web.ApiGateway.csproj", "{FAD62E39-E067-4C20-B06C-539E846CA510}"
EndProject
Project("{2150E333-8FDC-42A3-9474-1A3956D46DE8}") = "EventBus", "EventBus", "{183B022A-0718-417B-A7CA-B6CB9F348D5C}"
EndProject
Project("{9A19103F-16F7-4668-BE54-9A1E7A4F7556}") = "EventBus.Base", "src\BuildingBlocks\EventBus\EventBus.Base\EventBus.Base.csproj", "{56EC2910-0807-428F-9DB3-FD86764912FC}"
EndProject
Project("{9A19103F-16F7-4668-BE54-9A1E7A4F7556}") = "EventBus.Factory", "src\BuildingBlocks\EventBus\EventBus.Factory\EventBus.Factory.csproj", "{7D1CD508-F5F1-4BF7-9BD6-0AAF1498472D}"
EndProject
Project("{9A19103F-16F7-4668-BE54-9A1E7A4F7556}") = "EventBus.AzureServiceBus", "src\BuildingBlocks\EventBus\EventBus.AzureServiceBus\EventBus.AzureServiceBus.csproj", "{AF72DCC2-7523-4A99-A489-F30C757F4218}"
EndProject
Project("{9A19103F-16F7-4668-BE54-9A1E7A4F7556}") = "EventBus.RabbitMQ", "src\BuildingBlocks\EventBus\EventBus.RabbitMQ\EventBus.RabbitMQ.csproj", "{66919EF7-57F6-4183-84B4-E3967151BE33}"
EndProject
Project("{2150E333-8FDC-42A3-9474-1A3956D46DE8}") = "BlazorWebApp", "BlazorWebApp", "{703D16D5-CDB6-4B84-B0B7-E688C960EB16}"
EndProject
Project("{9A19103F-16F7-4668-BE54-9A1E7A4F7556}") = "WebApp", "src\Clients\BlazorWebApp\WebApp\WebApp.csproj", "{874A5C35-717F-4F4C-AED4-3299722726AA}"
EndProject
Project("{2150E333-8FDC-42A3-9474-1A3956D46DE8}") = "BasketService", "BasketService", "{E05D0957-AC8C-43DE-8F27-C39F711DBE43}"
EndProject
Project("{2150E333-8FDC-42A3-9474-1A3956D46DE8}") = "CatalogService", "CatalogService", "{A6BCE05F-A36B-4514-A5EB-8F213932A838}"
EndProject
Project("{2150E333-8FDC-42A3-9474-1A3956D46DE8}") = "IdentityService", "IdentityService", "{A191022F-45B5-4FCC-AA6E-D4960D0CE342}"
EndProject
Project("{2150E333-8FDC-42A3-9474-1A3956D46DE8}") = "NotificationService", "NotificationService", "{D4809427-69D6-46BE-AAAF-3F96E2C7EAA1}"
EndProject
Project("{2150E333-8FDC-42A3-9474-1A3956D46DE8}") = "OrderService", "OrderService", "{A1BD6203-D575-4AE0-B73B-224857ABE24D}"
EndProject
Project("{2150E333-8FDC-42A3-9474-1A3956D46DE8}") = "PaymentService", "PaymentService", "{D0881983-25E1-4104-9F11-66CD880EBF9F}"
EndProject
Project("{9A19103F-16F7-4668-BE54-9A1E7A4F7556}") = "BasketService.Api", "src\Services\BasketService\BasketService.Api\BasketService.Api.csproj", "{EB077E53-0664-4003-BA6D-A00699249412}"
EndProject
Project("{9A19103F-16F7-4668-BE54-9A1E7A4F7556}") = "CatalogService.Api", "src\Services\CatalogService\CatalogService.Api\CatalogService.Api.csproj", "{EDA52843-7E2C-411C-8ADD-FF2E79B929C6}"
EndProject
Project("{9A19103F-16F7-4668-BE54-9A1E7A4F7556}") = "IdentityService.Api", "src\Services\IdentityService\IdentityService.Api\IdentityService.Api.csproj", "{3D65FDB4-7965-43D7-9CA9-6D9E6EF6A3B4}"
EndProject
Project("{9A19103F-16F7-4668-BE54-9A1E7A4F7556}") = "NotificationService", "src\Services\NotificationService\NotificationService\NotificationService.csproj", "{B282BEBB-EADE-4123-B583-AE02CC072A2A}"
EndProject
Project("{9A19103F-16F7-4668-BE54-9A1E7A4F7556}") = "OrderService.Api", "src\Services\OrderService\OrderService.Api\OrderService.Api.csproj", "{4912173F-2EE4-4ACE-B964-CDA04D9053BC}"
EndProject
Project("{9A19103F-16F7-4668-BE54-9A1E7A4F7556}") = "OrderService.Application", "src\Services\OrderService\OrderService.Application\OrderService.Application.csproj", "{7ABA64BC-D3D3-493C-AB5B-DEDFCBFA2A15}"
EndProject
Project("{9A19103F-16F7-4668-BE54-9A1E7A4F7556}") = "OrderService.Domain", "src\Services\OrderService\OrderService.Domain\OrderService.Domain.csproj", "{81D37F40-90DE-483F-8FB4-4EDBC259768C}"
EndProject
Project("{9A19103F-16F7-4668-BE54-9A1E7A4F7556}") = "OrderService.Infrastructure", "src\Services\OrderService\OrderService.Infrastructure\OrderService.Infrastructure.csproj", "{1F9BA679-B5B9-4113-B0EA-5484DB68D2DA}"
EndProject
Project("{9A19103F-16F7-4668-BE54-9A1E7A4F7556}") = "PaymentService.Api", "src\Services\PaymentService\PaymentService.Api\PaymentService.Api.csproj", "{87006A52-22B5-4966-9317-6E3B96344E2F}"
EndProject
Project("{2150E333-8FDC-42A3-9474-1A3956D46DE8}") = "tests", "tests", "{A1D8826C-7D6C-4EEC-B522-332D5C35229C}"
EndProject
Project("{2150E333-8FDC-42A3-9474-1A3956D46DE8}") = "BuildingBlocks", "BuildingBlocks", "{B1A9749C-17EB-4502-B8E2-FF331FFD0CB7}"
EndProject
Project("{9A19103F-16F7-4668-BE54-9A1E7A4F7556}") = "EventBus.UnitTest", "tests\BuildingBlocks\EventBus.UnitTest\EventBus.UnitTest.csproj", "{2FB65B69-16B3-457A-B87A-499F207CA2B7}"
EndProject
Global
	GlobalSection(SolutionConfigurationPlatforms) = preSolution
		Debug|Any CPU = Debug|Any CPU
		Release|Any CPU = Release|Any CPU
	EndGlobalSection
	GlobalSection(ProjectConfigurationPlatforms) = postSolution
		{FAD62E39-E067-4C20-B06C-539E846CA510}.Debug|Any CPU.ActiveCfg = Debug|Any CPU
		{FAD62E39-E067-4C20-B06C-539E846CA510}.Debug|Any CPU.Build.0 = Debug|Any CPU
		{FAD62E39-E067-4C20-B06C-539E846CA510}.Release|Any CPU.ActiveCfg = Release|Any CPU
		{FAD62E39-E067-4C20-B06C-539E846CA510}.Release|Any CPU.Build.0 = Release|Any CPU
		{56EC2910-0807-428F-9DB3-FD86764912FC}.Debug|Any CPU.ActiveCfg = Debug|Any CPU
		{56EC2910-0807-428F-9DB3-FD86764912FC}.Debug|Any CPU.Build.0 = Debug|Any CPU
		{56EC2910-0807-428F-9DB3-FD86764912FC}.Release|Any CPU.ActiveCfg = Release|Any CPU
		{56EC2910-0807-428F-9DB3-FD86764912FC}.Release|Any CPU.Build.0 = Release|Any CPU
		{7D1CD508-F5F1-4BF7-9BD6-0AAF1498472D}.Debug|Any CPU.ActiveCfg = Debug|Any CPU
		{7D1CD508-F5F1-4BF7-9BD6-0AAF1498472D}.Debug|Any CPU.Build.0 = Debug|Any CPU
		{7D1CD508-F5F1-4BF7-9BD6-0AAF1498472D}.Release|Any CPU.ActiveCfg = Release|Any CPU
		{7D1CD508-F5F1-4BF7-9BD6-0AAF1498472D}.Release|Any CPU.Build.0 = Release|Any CPU
		{AF72DCC2-7523-4A99-A489-F30C757F4218}.Debug|Any CPU.ActiveCfg = Debug|Any CPU
		{AF72DCC2-7523-4A99-A489-F30C757F4218}.Debug|Any CPU.Build.0 = Debug|Any CPU
		{AF72DCC2-7523-4A99-A489-F30C757F4218}.Release|Any CPU.ActiveCfg = Release|Any CPU
		{AF72DCC2-7523-4A99-A489-F30C757F4218}.Release|Any CPU.Build.0 = Release|Any CPU
		{66919EF7-57F6-4183-84B4-E3967151BE33}.Debug|Any CPU.ActiveCfg = Debug|Any CPU
		{66919EF7-57F6-4183-84B4-E3967151BE33}.Debug|Any CPU.Build.0 = Debug|Any CPU
		{66919EF7-57F6-4183-84B4-E3967151BE33}.Release|Any CPU.ActiveCfg = Release|Any CPU
		{66919EF7-57F6-4183-84B4-E3967151BE33}.Release|Any CPU.Build.0 = Release|Any CPU
		{874A5C35-717F-4F4C-AED4-3299722726AA}.Debug|Any CPU.ActiveCfg = Debug|Any CPU
		{874A5C35-717F-4F4C-AED4-3299722726AA}.Debug|Any CPU.Build.0 = Debug|Any CPU
		{874A5C35-717F-4F4C-AED4-3299722726AA}.Release|Any CPU.ActiveCfg = Release|Any CPU
		{874A5C35-717F-4F4C-AED4-3299722726AA}.Release|Any CPU.Build.0 = Release|Any CPU
		{EB077E53-0664-4003-BA6D-A00699249412}.Debug|Any CPU.ActiveCfg = Debug|Any CPU
		{EB077E53-0664-4003-BA6D-A00699249412}.Debug|Any CPU.Build.0 = Debug|Any CPU
		{EB077E53-0664-4003-BA6D-A00699249412}.Release|Any CPU.ActiveCfg = Release|Any CPU
		{EB077E53-0664-4003-BA6D-A00699249412}.Release|Any CPU.Build.0 = Release|Any CPU
		{EDA52843-7E2C-411C-8ADD-FF2E79B929C6}.Debug|Any CPU.ActiveCfg = Debug|Any CPU
		{EDA52843-7E2C-411C-8ADD-FF2E79B929C6}.Debug|Any CPU.Build.0 = Debug|Any CPU
		{EDA52843-7E2C-411C-8ADD-FF2E79B929C6}.Release|Any CPU.ActiveCfg = Release|Any CPU
		{EDA52843-7E2C-411C-8ADD-FF2E79B929C6}.Release|Any CPU.Build.0 = Release|Any CPU
		{3D65FDB4-7965-43D7-9CA9-6D9E6EF6A3B4}.Debug|Any CPU.ActiveCfg = Debug|Any CPU
		{3D65FDB4-7965-43D7-9CA9-6D9E6EF6A3B4}.Debug|Any CPU.Build.0 = Debug|Any CPU
		{3D65FDB4-7965-43D7-9CA9-6D9E6EF6A3B4}.Release|Any CPU.ActiveCfg = Release|Any CPU
		{3D65FDB4-7965-43D7-9CA9-6D9E6EF6A3B4}.Release|Any CPU.Build.0 = Release|Any CPU
		{B282BEBB-EADE-4123-B583-AE02CC072A2A}.Debug|Any CPU.ActiveCfg = Debug|Any CPU
		{B282BEBB-EADE-4123-B583-AE02CC072A2A}.Debug|Any CPU.Build.0 = Debug|Any CPU
		{B282BEBB-EADE-4123-B583-AE02CC072A2A}.Release|Any CPU.ActiveCfg = Release|Any CPU
		{B282BEBB-EADE-4123-B583-AE02CC072A2A}.Release|Any CPU.Build.0 = Release|Any CPU
		{4912173F-2EE4-4ACE-B964-CDA04D9053BC}.Debug|Any CPU.ActiveCfg = Debug|Any CPU
		{4912173F-2EE4-4ACE-B964-CDA04D9053BC}.Debug|Any CPU.Build.0 = Debug|Any CPU
		{4912173F-2EE4-4ACE-B964-CDA04D9053BC}.Release|Any CPU.ActiveCfg = Release|Any CPU
		{4912173F-2EE4-4ACE-B964-CDA04D9053BC}.Release|Any CPU.Build.0 = Release|Any CPU
		{7ABA64BC-D3D3-493C-AB5B-DEDFCBFA2A15}.Debug|Any CPU.ActiveCfg = Debug|Any CPU
		{7ABA64BC-D3D3-493C-AB5B-DEDFCBFA2A15}.Debug|Any CPU.Build.0 = Debug|Any CPU
		{7ABA64BC-D3D3-493C-AB5B-DEDFCBFA2A15}.Release|Any CPU.ActiveCfg = Release|Any CPU
		{7ABA64BC-D3D3-493C-AB5B-DEDFCBFA2A15}.Release|Any CPU.Build.0 = Release|Any CPU
		{81D37F40-90DE-483F-8FB4-4EDBC259768C}.Debug|Any CPU.ActiveCfg = Debug|Any CPU
		{81D37F40-90DE-483F-8FB4-4EDBC259768C}.Debug|Any CPU.Build.0 = Debug|Any CPU
		{81D37F40-90DE-483F-8FB4-4EDBC259768C}.Release|Any CPU.ActiveCfg = Release|Any CPU
		{81D37F40-90DE-483F-8FB4-4EDBC259768C}.Release|Any CPU.Build.0 = Release|Any CPU
		{1F9BA679-B5B9-4113-B0EA-5484DB68D2DA}.Debug|Any CPU.ActiveCfg = Debug|Any CPU
		{1F9BA679-B5B9-4113-B0EA-5484DB68D2DA}.Debug|Any CPU.Build.0 = Debug|Any CPU
		{1F9BA679-B5B9-4113-B0EA-5484DB68D2DA}.Release|Any CPU.ActiveCfg = Release|Any CPU
		{1F9BA679-B5B9-4113-B0EA-5484DB68D2DA}.Release|Any CPU.Build.0 = Release|Any CPU
		{87006A52-22B5-4966-9317-6E3B96344E2F}.Debug|Any CPU.ActiveCfg = Debug|Any CPU
		{87006A52-22B5-4966-9317-6E3B96344E2F}.Debug|Any CPU.Build.0 = Debug|Any CPU
		{87006A52-22B5-4966-9317-6E3B96344E2F}.Release|Any CPU.ActiveCfg = Release|Any CPU
		{87006A52-22B5-4966-9317-6E3B96344E2F}.Release|Any CPU.Build.0 = Release|Any CPU
		{2FB65B69-16B3-457A-B87A-499F207CA2B7}.Debug|Any CPU.ActiveCfg = Debug|Any CPU
		{2FB65B69-16B3-457A-B87A-499F207CA2B7}.Debug|Any CPU.Build.0 = Debug|Any CPU
		{2FB65B69-16B3-457A-B87A-499F207CA2B7}.Release|Any CPU.ActiveCfg = Release|Any CPU
		{2FB65B69-16B3-457A-B87A-499F207CA2B7}.Release|Any CPU.Build.0 = Release|Any CPU
	EndGlobalSection
	GlobalSection(SolutionProperties) = preSolution
		HideSolutionNode = FALSE
	EndGlobalSection
	GlobalSection(NestedProjects) = preSolution
		{D34A3A9C-2AFD-48F4-8FC8-800E4819D2F1} = {A45D05CE-2904-4215-BC48-42A8687BB635}
		{7663EA70-C1E9-48EA-8567-8C158B72786C} = {A45D05CE-2904-4215-BC48-42A8687BB635}
		{1F52CFA4-B686-450D-B35A-45BA256EF678} = {A45D05CE-2904-4215-BC48-42A8687BB635}
		{BB7C7E32-9437-4A11-96B7-E8CCDAA7F79C} = {A45D05CE-2904-4215-BC48-42A8687BB635}
		{AD1A55F4-C65E-4630-937F-916B569936E0} = {D34A3A9C-2AFD-48F4-8FC8-800E4819D2F1}
		{FAD62E39-E067-4C20-B06C-539E846CA510} = {AD1A55F4-C65E-4630-937F-916B569936E0}
		{183B022A-0718-417B-A7CA-B6CB9F348D5C} = {7663EA70-C1E9-48EA-8567-8C158B72786C}
		{56EC2910-0807-428F-9DB3-FD86764912FC} = {183B022A-0718-417B-A7CA-B6CB9F348D5C}
		{7D1CD508-F5F1-4BF7-9BD6-0AAF1498472D} = {183B022A-0718-417B-A7CA-B6CB9F348D5C}
		{AF72DCC2-7523-4A99-A489-F30C757F4218} = {183B022A-0718-417B-A7CA-B6CB9F348D5C}
		{66919EF7-57F6-4183-84B4-E3967151BE33} = {183B022A-0718-417B-A7CA-B6CB9F348D5C}
		{703D16D5-CDB6-4B84-B0B7-E688C960EB16} = {BB7C7E32-9437-4A11-96B7-E8CCDAA7F79C}
		{874A5C35-717F-4F4C-AED4-3299722726AA} = {703D16D5-CDB6-4B84-B0B7-E688C960EB16}
		{E05D0957-AC8C-43DE-8F27-C39F711DBE43} = {1F52CFA4-B686-450D-B35A-45BA256EF678}
		{A6BCE05F-A36B-4514-A5EB-8F213932A838} = {1F52CFA4-B686-450D-B35A-45BA256EF678}
		{A191022F-45B5-4FCC-AA6E-D4960D0CE342} = {1F52CFA4-B686-450D-B35A-45BA256EF678}
		{D4809427-69D6-46BE-AAAF-3F96E2C7EAA1} = {1F52CFA4-B686-450D-B35A-45BA256EF678}
		{A1BD6203-D575-4AE0-B73B-224857ABE24D} = {1F52CFA4-B686-450D-B35A-45BA256EF678}
		{D0881983-25E1-4104-9F11-66CD880EBF9F} = {1F52CFA4-B686-450D-B35A-45BA256EF678}
		{EB077E53-0664-4003-BA6D-A00699249412} = {E05D0957-AC8C-43DE-8F27-C39F711DBE43}
		{EDA52843-7E2C-411C-8ADD-FF2E79B929C6} = {A6BCE05F-A36B-4514-A5EB-8F213932A838}
		{3D65FDB4-7965-43D7-9CA9-6D9E6EF6A3B4} = {A191022F-45B5-4FCC-AA6E-D4960D0CE342}
		{B282BEBB-EADE-4123-B583-AE02CC072A2A} = {D4809427-69D6-46BE-AAAF-3F96E2C7EAA1}
		{4912173F-2EE4-4ACE-B964-CDA04D9053BC} = {A1BD6203-D575-4AE0-B73B-224857ABE24D}
		{7ABA64BC-D3D3-493C-AB5B-DEDFCBFA2A15} = {A1BD6203-D575-4AE0-B73B-224857ABE24D}
		{81D37F40-90DE-483F-8FB4-4EDBC259768C} = {A1BD6203-D575-4AE0-B73B-224857ABE24D}
		{1F9BA679-B5B9-4113-B0EA-5484DB68D2DA} = {A1BD6203-D575-4AE0-B73B-224857ABE24D}
		{87006A52-22B5-4966-9317-6E3B96344E2F} = {D0881983-25E1-4104-9F11-66CD880EBF9F}
		{B1A9749C-17EB-4502-B8E2-FF331FFD0CB7} = {A1D8826C-7D6C-4EEC-B522-332D5C35229C}
		{2FB65B69-16B3-457A-B87A-499F207CA2B7} = {B1A9749C-17EB-4502-B8E2-FF331FFD0CB7}
	EndGlobalSection
	GlobalSection(ExtensibilityGlobals) = postSolution
		SolutionGuid = {6C60C4B6-1A2D-4DE7-8B20-957196987CF3}
	EndGlobalSection
EndGlobal
